{
  "lockfileVersion": 1,
  "configVersion": 1,
  "workspaces": {
    "": {
      "name": "arcraiders-data",
      "dependencies": {
        "jsonpath-plus": "^10.4.0",
        "zod": "^4.3.6",
      },
      "devDependencies": {
        "prettier": "^3.6.2",
        "prettier-plugin-sort-json": "^4.1.1",
        "safe-stable-stringify": "^2.5.0",
      },
    },
  },
  "packages": {
    "@jsep-plugin/assignment": ["@jsep-plugin/assignment@1.3.0", "", { "peerDependencies": { "jsep": "^0.4.0||^1.0.0" } }, "sha512-VVgV+CXrhbMI3aSusQyclHkenWSAm95WaiKrMxRFam3JSUiIaQjoMIw2sEs/OX4XifnqeQUN4DYbJjlA8EfktQ=="],

    "@jsep-plugin/regex": ["@jsep-plugin/regex@1.0.4", "", { "peerDependencies": { "jsep": "^0.4.0||^1.0.0" } }, "sha512-q7qL4Mgjs1vByCaTnDFcBnV9HS7GVPJX5vyVoCgZHNSC9rjwIlmbXG5sUuorR5ndfHAIlJ8pVStxvjXHbNvtUg=="],

    "jsep": ["jsep@1.4.0", "", {}, "sha512-B7qPcEVE3NVkmSJbaYxvv4cHkVW7DQsZz13pUMrfS8z8Q/BuShN+gcTXrUlPiGqM2/t/EEaI030bpxMqY8gMlw=="],

    "jsonpath-plus": ["jsonpath-plus@10.4.0", "", { "dependencies": { "@jsep-plugin/assignment": "^1.3.0", "@jsep-plugin/regex": "^1.0.4", "jsep": "^1.4.0" }, "bin": { "jsonpath": "bin/jsonpath-cli.js", "jsonpath-plus": "bin/jsonpath-cli.js" } }, "sha512-T92WWatJXmhBbKsgH/0hl+jxjdXrifi5IKeMY02DWggRxX0UElcbVzPlmgLTbvsPeW1PasQ6xE2Q75stkhGbsA=="],

    "prettier": ["prettier@3.6.2", "", { "bin": { "prettier": "bin/prettier.cjs" } }, "sha512-I7AIg5boAr5R0FFtJ6rCfD+LFsWHp81dolrFD8S79U9tb8Az2nGrJncnMSnys+bpQJfRUzqs9hnA81OAA3hCuQ=="],

    "prettier-plugin-sort-json": ["prettier-plugin-sort-json@4.1.1", "", { "peerDependencies": { "prettier": "^3.0.0" } }, "sha512-uJ49wCzwJ/foKKV4tIPxqi4jFFvwUzw4oACMRG2dcmDhBKrxBv0L2wSKkAqHCmxKCvj0xcCZS4jO2kSJO/tRJw=="],

    "safe-stable-stringify": ["safe-stable-stringify@2.5.0", "", {}, "sha512-b3rppTKm9T+PsVCBEOUR46GWI7fdOs00VKZ1+9c1EWDaDMvjQc6tUwuFyIprgGgTcWoVHSKrU8H31ZHA2e0RHA=="],

    "zod": ["zod@4.3.6", "", {}, "sha512-rftlrkhHZOcjDwkGlnUtZZkvaPHCsDATp4pGpuOOMDaTdDDXF91wuVDJoWoPsKX/3YPQ5fHuF3STjcYyKr+Qhg=="],
  }
}
